
Microsoft Visual Studio Solution File, Format Version 12.00
# Visual Studio Version 17
VisualStudioVersion = 17.14.36327.8 d17.14
MinimumVisualStudioVersion = 10.0.40219.1
Project("{FAE04EC0-301F-11D3-BF4B-00C04F79EFBC}") = "BackEnd", "BackEnd\BackEnd.csproj", "{346E8C3E-9B78-48F7-9046-60247317A17B}"
EndProject
Global
	GlobalSection(SolutionConfigurationPlatforms) = preSolution
		Debug|Any CPU = Debug|Any CPU
		Release|Any CPU = Release|Any CPU
	EndGlobalSection
	GlobalSection(ProjectConfigurationPlatforms) = postSolution
		{346E8C3E-9B78-48F7-9046-60247317A17B}.Debug|Any CPU.ActiveCfg = Debug|Any CPU
		{346E8C3E-9B78-48F7-9046-60247317A17B}.Debug|Any CPU.Build.0 = Debug|Any CPU
		{346E8C3E-9B78-48F7-9046-60247317A17B}.Release|Any CPU.ActiveCfg = Release|Any CPU
		{346E8C3E-9B78-48F7-9046-60247317A17B}.Release|Any CPU.Build.0 = Release|Any CPU
	EndGlobalSection
	GlobalSection(SolutionProperties) = preSolution
		HideSolutionNode = FALSE
	EndGlobalSection
	GlobalSection(ExtensibilityGlobals) = postSolution
		SolutionGuid = {84509442-EE05-400E-AD67-95EB0AC1E83E}
	EndGlobalSection
EndGlobal
