
Microsoft Visual Studio Solution File, Format Version 12.00
# Visual Studio Version 17
VisualStudioVersion = 17.14.36327.8
MinimumVisualStudioVersion = 10.0.40219.1
Project("{FAE04EC0-301F-11D3-BF4B-00C04F79EFBC}") = "DocumentStorage.Application", "DocumentStorage.Application\DocumentStorage.Application.csproj", "{A721BFCC-1CD9-41B5-B85D-9D9343412547}"
EndProject
Project("{FAE04EC0-301F-11D3-BF4B-00C04F79EFBC}") = "DocumentStorage.Core", "DocumentStorage.Core\DocumentStorage.Core.csproj", "{0481249A-6346-4992-A753-6A3518B38FA4}"
EndProject
Project("{FAE04EC0-301F-11D3-BF4B-00C04F79EFBC}") = "DocumentStorage.API", "DocumentStorage.API\DocumentStorage.API.csproj", "{C139986A-16CC-B949-04DF-5A1C73C6A0C0}"
EndProject
Project("{FAE04EC0-301F-11D3-BF4B-00C04F79EFBC}") = "DocumentStorage.Infrastructure", "DocumentStorage.Infrastructure\DocumentStorage.Infrastructure.csproj", "{5372C60F-4CCC-74CD-0A30-AC681930B302}"
EndProject
Project("{FAE04EC0-301F-11D3-BF4B-00C04F79EFBC}") = "DocumentStorage.Persistance", "DocumentStorage.Persistance\DocumentStorage.Persistance.csproj", "{EBB4F2DA-506C-DC4F-5219-1203065BF691}"
EndProject
Global
	GlobalSection(SolutionConfigurationPlatforms) = preSolution
		Debug|Any CPU = Debug|Any CPU
		Release|Any CPU = Release|Any CPU
	EndGlobalSection
	GlobalSection(ProjectConfigurationPlatforms) = postSolution
		{A721BFCC-1CD9-41B5-B85D-9D9343412547}.Debug|Any CPU.ActiveCfg = Debug|Any CPU
		{A721BFCC-1CD9-41B5-B85D-9D9343412547}.Debug|Any CPU.Build.0 = Debug|Any CPU
		{A721BFCC-1CD9-41B5-B85D-9D9343412547}.Release|Any CPU.ActiveCfg = Release|Any CPU
		{A721BFCC-1CD9-41B5-B85D-9D9343412547}.Release|Any CPU.Build.0 = Release|Any CPU
		{0481249A-6346-4992-A753-6A3518B38FA4}.Debug|Any CPU.ActiveCfg = Debug|Any CPU
		{0481249A-6346-4992-A753-6A3518B38FA4}.Debug|Any CPU.Build.0 = Debug|Any CPU
		{0481249A-6346-4992-A753-6A3518B38FA4}.Release|Any CPU.ActiveCfg = Release|Any CPU
		{0481249A-6346-4992-A753-6A3518B38FA4}.Release|Any CPU.Build.0 = Release|Any CPU
		{C139986A-16CC-B949-04DF-5A1C73C6A0C0}.Debug|Any CPU.ActiveCfg = Debug|Any CPU
		{C139986A-16CC-B949-04DF-5A1C73C6A0C0}.Debug|Any CPU.Build.0 = Debug|Any CPU
		{C139986A-16CC-B949-04DF-5A1C73C6A0C0}.Release|Any CPU.ActiveCfg = Release|Any CPU
		{C139986A-16CC-B949-04DF-5A1C73C6A0C0}.Release|Any CPU.Build.0 = Release|Any CPU
		{5372C60F-4CCC-74CD-0A30-AC681930B302}.Debug|Any CPU.ActiveCfg = Debug|Any CPU
		{5372C60F-4CCC-74CD-0A30-AC681930B302}.Debug|Any CPU.Build.0 = Debug|Any CPU
		{5372C60F-4CCC-74CD-0A30-AC681930B302}.Release|Any CPU.ActiveCfg = Release|Any CPU
		{5372C60F-4CCC-74CD-0A30-AC681930B302}.Release|Any CPU.Build.0 = Release|Any CPU
		{EBB4F2DA-506C-DC4F-5219-1203065BF691}.Debug|Any CPU.ActiveCfg = Debug|Any CPU
		{EBB4F2DA-506C-DC4F-5219-1203065BF691}.Debug|Any CPU.Build.0 = Debug|Any CPU
		{EBB4F2DA-506C-DC4F-5219-1203065BF691}.Release|Any CPU.ActiveCfg = Release|Any CPU
		{EBB4F2DA-506C-DC4F-5219-1203065BF691}.Release|Any CPU.Build.0 = Release|Any CPU
	EndGlobalSection
	GlobalSection(SolutionProperties) = preSolution
		HideSolutionNode = FALSE
	EndGlobalSection
	GlobalSection(ExtensibilityGlobals) = postSolution
		SolutionGuid = {84509442-EE05-400E-AD67-95EB0AC1E83E}
	EndGlobalSection
EndGlobal
